
Microsoft Visual Studio Solution File, Format Version 12.00
# Visual Studio Version 16
VisualStudioVersion = 16.0.31313.79
MinimumVisualStudioVersion = 10.0.40219.1
Project("{FAE04EC0-301F-11D3-BF4B-00C04F79EFBC}") = "WindowsFormsApp1", "WindowsFormsApp1\WindowsFormsApp1.csproj", "{DE94515A-1D0D-4231-BA98-56224ED6D7C4}"
EndProject
Global
	GlobalSection(SolutionConfigurationPlatforms) = preSolution
		Debug|Any CPU = Debug|Any CPU
		Release|Any CPU = Release|Any CPU
	EndGlobalSection
	GlobalSection(ProjectConfigurationPlatforms) = postSolution
		{DE94515A-1D0D-4231-BA98-56224ED6D7C4}.Debug|Any CPU.ActiveCfg = Debug|Any CPU
		{DE94515A-1D0D-4231-BA98-56224ED6D7C4}.Debug|Any CPU.Build.0 = Debug|Any CPU
		{DE94515A-1D0D-4231-BA98-56224ED6D7C4}.Release|Any CPU.ActiveCfg = Release|Any CPU
		{DE94515A-1D0D-4231-BA98-56224ED6D7C4}.Release|Any CPU.Build.0 = Release|Any CPU
	EndGlobalSection
	GlobalSection(SolutionProperties) = preSolution
		HideSolutionNode = FALSE
	EndGlobalSection
	GlobalSection(ExtensibilityGlobals) = postSolution
		SolutionGuid = {C6DEF6B7-1D28-4DCB-9243-64F732C7CB9A}
	EndGlobalSection
EndGlobal
